// !$*UTF8*$!
{
	archiveVersion = 1;
	classes = {
	};
	objectVersion = 46;
	objects = {

/* Begin PBXBuildFile section */
		B73505EA1E09162B0031A6D1 /* main.m in Sources */ = {isa = PBXBuildFile; fileRef = B73505E91E09162B0031A6D1 /* main.m */; };
		B73505ED1E09162B0031A6D1 /* AppDelegate.m in Sources */ = {isa = PBXBuildFile; fileRef = B73505EC1E09162B0031A6D1 /* AppDelegate.m */; };
		B73505F01E09162B0031A6D1 /* ViewController.m in Sources */ = {isa = PBXBuildFile; fileRef = B73505EF1E09162B0031A6D1 /* ViewController.m */; };
		B73505F31E09162B0031A6D1 /* Main.storyboard in Resources */ = {isa = PBXBuildFile; fileRef = B73505F11E09162B0031A6D1 /* Main.storyboard */; };
		B73505F81E09162B0031A6D1 /* LaunchScreen.storyboard in Resources */ = {isa = PBXBuildFile; fileRef = B73505F61E09162B0031A6D1 /* LaunchScreen.storyboard */; };
		B73506031E09162B0031A6D1 /* NBLFileExplorerTests.m in Sources */ = {isa = PBXBuildFile; fileRef = B73506021E09162B0031A6D1 /* NBLFileExplorerTests.m */; };
		B735060E1E09162B0031A6D1 /* NBLFileExplorerUITests.m in Sources */ = {isa = PBXBuildFile; fileRef = B735060D1E09162B0031A6D1 /* NBLFileExplorerUITests.m */; };
		B73506211E09169A0031A6D1 /* NBLFileExplorer.m in Sources */ = {isa = PBXBuildFile; fileRef = B73506201E09169A0031A6D1 /* NBLFileExplorer.m */; };
		B73D97641E4AFFF600E95547 /* NBLEditGalleryView.m in Sources */ = {isa = PBXBuildFile; fileRef = B73D97631E4AFFF600E95547 /* NBLEditGalleryView.m */; };
		B73D97671E4B009400E95547 /* NBLEditGalleryItemCell.m in Sources */ = {isa = PBXBuildFile; fileRef = B73D97661E4B009400E95547 /* NBLEditGalleryItemCell.m */; };
		B73D976A1E4B016900E95547 /* NBLEditInfo.m in Sources */ = {isa = PBXBuildFile; fileRef = B73D97691E4B016900E95547 /* NBLEditInfo.m */; };
		B75E2E021E13B76400AA8F0E /* NBLFileInfo.m in Sources */ = {isa = PBXBuildFile; fileRef = B75E2DF81E13B76400AA8F0E /* NBLFileInfo.m */; };
		B75E2E031E13B76400AA8F0E /* NBLFileTypeManager.m in Sources */ = {isa = PBXBuildFile; fileRef = B75E2DFB1E13B76400AA8F0E /* NBLFileTypeManager.m */; };
		B75E2E041E13B76400AA8F0E /* NBLFileItemCell.m in Sources */ = {isa = PBXBuildFile; fileRef = B75E2DFE1E13B76400AA8F0E /* NBLFileItemCell.m */; };
		B75E2E051E13B76400AA8F0E /* NBLFileListViewController.m in Sources */ = {isa = PBXBuildFile; fileRef = B75E2E011E13B76400AA8F0E /* NBLFileListViewController.m */; };
		B77F66AD1E56CD7F008FCAEF /* NBLFileListShowViewController.m in Sources */ = {isa = PBXBuildFile; fileRef = B77F66AC1E56CD7F008FCAEF /* NBLFileListShowViewController.m */; };
		B78FB5D01E1B852A005F6DA1 /* NBLFileGalleryView.m in Sources */ = {isa = PBXBuildFile; fileRef = B78FB5CF1E1B852A005F6DA1 /* NBLFileGalleryView.m */; };
		B78FB5D31E1B8F26005F6DA1 /* NBLFileGalleryItemCell.m in Sources */ = {isa = PBXBuildFile; fileRef = B78FB5D21E1B8F26005F6DA1 /* NBLFileGalleryItemCell.m */; };
		B7AD6A891E30938E002F5035 /* NBLFileSortTool.m in Sources */ = {isa = PBXBuildFile; fileRef = B7AD6A881E30938E002F5035 /* NBLFileSortTool.m */; };
		B7BB7AE01E31E62400AAD987 /* Assets.xcassets in Resources */ = {isa = PBXBuildFile; fileRef = B7BB7ADF1E31E62400AAD987 /* Assets.xcassets */; };
		B7EF19F81E16011D001CCEDC /* NBLFileOperationMenu.m in Sources */ = {isa = PBXBuildFile; fileRef = B7EF19F71E16011D001CCEDC /* NBLFileOperationMenu.m */; };
		B7EF19FB1E160404001CCEDC /* NBLFileOperationInfo.m in Sources */ = {isa = PBXBuildFile; fileRef = B7EF19FA1E160404001CCEDC /* NBLFileOperationInfo.m */; };
		B7EF19FE1E163364001CCEDC /* NBLFileMenuTool.m in Sources */ = {isa = PBXBuildFile; fileRef = B7EF19FD1E163364001CCEDC /* NBLFileMenuTool.m */; };
		B7EF1A011E163A62001CCEDC /* NBLFileOperationItemCell.m in Sources */ = {isa = PBXBuildFile; fileRef = B7EF1A001E163A62001CCEDC /* NBLFileOperationItemCell.m */; };
		B7FCB31A1E1CE714003CEA70 /* NBLSortOperationInfo.m in Sources */ = {isa = PBXBuildFile; fileRef = B7FCB3191E1CE714003CEA70 /* NBLSortOperationInfo.m */; };
/* End PBXBuildFile section */

/* Begin PBXContainerItemProxy section */
		B73505FF1E09162B0031A6D1 /* PBXContainerItemProxy */ = {
			isa = PBXContainerItemProxy;
			containerPortal = B73505DD1E09162B0031A6D1 /* Project object */;
			proxyType = 1;
			remoteGlobalIDString = B73505E41E09162B0031A6D1;
			remoteInfo = NBLFileExplorer;
		};
		B735060A1E09162B0031A6D1 /* PBXContainerItemProxy */ = {
			isa = PBXContainerItemProxy;
			containerPortal = B73505DD1E09162B0031A6D1 /* Project object */;
			proxyType = 1;
			remoteGlobalIDString = B73505E41E09162B0031A6D1;
			remoteInfo = NBLFileExplorer;
		};
/* End PBXContainerItemProxy section */

/* Begin PBXFileReference section */
		B73505E51E09162B0031A6D1 /* NBLFileExplorer.app */ = {isa = PBXFileReference; explicitFileType = wrapper.application; includeInIndex = 0; path = NBLFileExplorer.app; sourceTree = BUILT_PRODUCTS_DIR; };
		B73505E91E09162B0031A6D1 /* main.m */ = {isa = PBXFileReference; lastKnownFileType = sourcecode.c.objc; path = main.m; sourceTree = "<group>"; };
		B73505EB1E09162B0031A6D1 /* AppDelegate.h */ = {isa = PBXFileReference; lastKnownFileType = sourcecode.c.h; path = AppDelegate.h; sourceTree = "<group>"; };
		B73505EC1E09162B0031A6D1 /* AppDelegate.m */ = {isa = PBXFileReference; lastKnownFileType = sourcecode.c.objc; path = AppDelegate.m; sourceTree = "<group>"; };
		B73505EE1E09162B0031A6D1 /* ViewController.h */ = {isa = PBXFileReference; lastKnownFileType = sourcecode.c.h; path = ViewController.h; sourceTree = "<group>"; };
		B73505EF1E09162B0031A6D1 /* ViewController.m */ = {isa = PBXFileReference; lastKnownFileType = sourcecode.c.objc; path = ViewController.m; sourceTree = "<group>"; };
		B73505F21E09162B0031A6D1 /* Base */ = {isa = PBXFileReference; lastKnownFileType = file.storyboard; name = Base; path = Base.lproj/Main.storyboard; sourceTree = "<group>"; };
		B73505F71E09162B0031A6D1 /* Base */ = {isa = PBXFileReference; lastKnownFileType = file.storyboard; name = Base; path = Base.lproj/LaunchScreen.storyboard; sourceTree = "<group>"; };
		B73505F91E09162B0031A6D1 /* Info.plist */ = {isa = PBXFileReference; lastKnownFileType = text.plist.xml; path = Info.plist; sourceTree = "<group>"; };
		B73505FE1E09162B0031A6D1 /* NBLFileExplorerTests.xctest */ = {isa = PBXFileReference; explicitFileType = wrapper.cfbundle; includeInIndex = 0; path = NBLFileExplorerTests.xctest; sourceTree = BUILT_PRODUCTS_DIR; };
		B73506021E09162B0031A6D1 /* NBLFileExplorerTests.m */ = {isa = PBXFileReference; lastKnownFileType = sourcecode.c.objc; path = NBLFileExplorerTests.m; sourceTree = "<group>"; };
		B73506041E09162B0031A6D1 /* Info.plist */ = {isa = PBXFileReference; lastKnownFileType = text.plist.xml; path = Info.plist; sourceTree = "<group>"; };
		B73506091E09162B0031A6D1 /* NBLFileExplorerUITests.xctest */ = {isa = PBXFileReference; explicitFileType = wrapper.cfbundle; includeInIndex = 0; path = NBLFileExplorerUITests.xctest; sourceTree = BUILT_PRODUCTS_DIR; };
		B735060D1E09162B0031A6D1 /* NBLFileExplorerUITests.m */ = {isa = PBXFileReference; lastKnownFileType = sourcecode.c.objc; path = NBLFileExplorerUITests.m; sourceTree = "<group>"; };
		B735060F1E09162B0031A6D1 /* Info.plist */ = {isa = PBXFileReference; lastKnownFileType = text.plist.xml; path = Info.plist; sourceTree = "<group>"; };
		B735061F1E09169A0031A6D1 /* NBLFileExplorer.h */ = {isa = PBXFileReference; fileEncoding = 4; lastKnownFileType = sourcecode.c.h; path = NBLFileExplorer.h; sourceTree = "<group>"; };
		B73506201E09169A0031A6D1 /* NBLFileExplorer.m */ = {isa = PBXFileReference; fileEncoding = 4; lastKnownFileType = sourcecode.c.objc; path = NBLFileExplorer.m; sourceTree = "<group>"; };
		B73D97621E4AFFF600E95547 /* NBLEditGalleryView.h */ = {isa = PBXFileReference; fileEncoding = 4; lastKnownFileType = sourcecode.c.h; path = NBLEditGalleryView.h; sourceTree = "<group>"; };
		B73D97631E4AFFF600E95547 /* NBLEditGalleryView.m */ = {isa = PBXFileReference; fileEncoding = 4; lastKnownFileType = sourcecode.c.objc; path = NBLEditGalleryView.m; sourceTree = "<group>"; };
		B73D97651E4B009400E95547 /* NBLEditGalleryItemCell.h */ = {isa = PBXFileReference; fileEncoding = 4; lastKnownFileType = sourcecode.c.h; path = NBLEditGalleryItemCell.h; sourceTree = "<group>"; };
		B73D97661E4B009400E95547 /* NBLEditGalleryItemCell.m */ = {isa = PBXFileReference; fileEncoding = 4; lastKnownFileType = sourcecode.c.objc; path = NBLEditGalleryItemCell.m; sourceTree = "<group>"; };
		B73D97681E4B016900E95547 /* NBLEditInfo.h */ = {isa = PBXFileReference; fileEncoding = 4; lastKnownFileType = sourcecode.c.h; path = NBLEditInfo.h; sourceTree = "<group>"; };
		B73D97691E4B016900E95547 /* NBLEditInfo.m */ = {isa = PBXFileReference; fileEncoding = 4; lastKnownFileType = sourcecode.c.objc; path = NBLEditInfo.m; sourceTree = "<group>"; };
		B75E2DF71E13B76400AA8F0E /* NBLFileInfo.h */ = {isa = PBXFileReference; fileEncoding = 4; lastKnownFileType = sourcecode.c.h; path = NBLFileInfo.h; sourceTree = "<group>"; };
		B75E2DF81E13B76400AA8F0E /* NBLFileInfo.m */ = {isa = PBXFileReference; fileEncoding = 4; lastKnownFileType = sourcecode.c.objc; path = NBLFileInfo.m; sourceTree = "<group>"; };
		B75E2DFA1E13B76400AA8F0E /* NBLFileTypeManager.h */ = {isa = PBXFileReference; fileEncoding = 4; lastKnownFileType = sourcecode.c.h; path = NBLFileTypeManager.h; sourceTree = "<group>"; };
		B75E2DFB1E13B76400AA8F0E /* NBLFileTypeManager.m */ = {isa = PBXFileReference; fileEncoding = 4; lastKnownFileType = sourcecode.c.objc; path = NBLFileTypeManager.m; sourceTree = "<group>"; };
		B75E2DFD1E13B76400AA8F0E /* NBLFileItemCell.h */ = {isa = PBXFileReference; fileEncoding = 4; lastKnownFileType = sourcecode.c.h; path = NBLFileItemCell.h; sourceTree = "<group>"; };
		B75E2DFE1E13B76400AA8F0E /* NBLFileItemCell.m */ = {isa = PBXFileReference; fileEncoding = 4; lastKnownFileType = sourcecode.c.objc; path = NBLFileItemCell.m; sourceTree = "<group>"; };
		B75E2E001E13B76400AA8F0E /* NBLFileListViewController.h */ = {isa = PBXFileReference; fileEncoding = 4; lastKnownFileType = sourcecode.c.h; path = NBLFileListViewController.h; sourceTree = "<group>"; };
		B75E2E011E13B76400AA8F0E /* NBLFileListViewController.m */ = {isa = PBXFileReference; fileEncoding = 4; lastKnownFileType = sourcecode.c.objc; path = NBLFileListViewController.m; sourceTree = "<group>"; };
		B77F66AB1E56CD7F008FCAEF /* NBLFileListShowViewController.h */ = {isa = PBXFileReference; fileEncoding = 4; lastKnownFileType = sourcecode.c.h; path = NBLFileListShowViewController.h; sourceTree = "<group>"; };
		B77F66AC1E56CD7F008FCAEF /* NBLFileListShowViewController.m */ = {isa = PBXFileReference; fileEncoding = 4; lastKnownFileType = sourcecode.c.objc; path = NBLFileListShowViewController.m; sourceTree = "<group>"; };
		B78FB5CE1E1B852A005F6DA1 /* NBLFileGalleryView.h */ = {isa = PBXFileReference; fileEncoding = 4; lastKnownFileType = sourcecode.c.h; path = NBLFileGalleryView.h; sourceTree = "<group>"; };
		B78FB5CF1E1B852A005F6DA1 /* NBLFileGalleryView.m */ = {isa = PBXFileReference; fileEncoding = 4; lastKnownFileType = sourcecode.c.objc; path = NBLFileGalleryView.m; sourceTree = "<group>"; };
		B78FB5D11E1B8F26005F6DA1 /* NBLFileGalleryItemCell.h */ = {isa = PBXFileReference; fileEncoding = 4; lastKnownFileType = sourcecode.c.h; path = NBLFileGalleryItemCell.h; sourceTree = "<group>"; };
		B78FB5D21E1B8F26005F6DA1 /* NBLFileGalleryItemCell.m */ = {isa = PBXFileReference; fileEncoding = 4; lastKnownFileType = sourcecode.c.objc; path = NBLFileGalleryItemCell.m; sourceTree = "<group>"; };
		B7AD6A871E30938E002F5035 /* NBLFileSortTool.h */ = {isa = PBXFileReference; fileEncoding = 4; lastKnownFileType = sourcecode.c.h; path = NBLFileSortTool.h; sourceTree = "<group>"; };
		B7AD6A881E30938E002F5035 /* NBLFileSortTool.m */ = {isa = PBXFileReference; fileEncoding = 4; lastKnownFileType = sourcecode.c.objc; path = NBLFileSortTool.m; sourceTree = "<group>"; };
		B7BB7ADF1E31E62400AAD987 /* Assets.xcassets */ = {isa = PBXFileReference; lastKnownFileType = folder.assetcatalog; name = Assets.xcassets; path = NBLFileExplorer/Assets.xcassets; sourceTree = "<group>"; };
		B7EF19F61E16011D001CCEDC /* NBLFileOperationMenu.h */ = {isa = PBXFileReference; fileEncoding = 4; lastKnownFileType = sourcecode.c.h; path = NBLFileOperationMenu.h; sourceTree = "<group>"; };
		B7EF19F71E16011D001CCEDC /* NBLFileOperationMenu.m */ = {isa = PBXFileReference; fileEncoding = 4; lastKnownFileType = sourcecode.c.objc; path = NBLFileOperationMenu.m; sourceTree = "<group>"; };
		B7EF19F91E160404001CCEDC /* NBLFileOperationInfo.h */ = {isa = PBXFileReference; fileEncoding = 4; lastKnownFileType = sourcecode.c.h; path = NBLFileOperationInfo.h; sourceTree = "<group>"; };
		B7EF19FA1E160404001CCEDC /* NBLFileOperationInfo.m */ = {isa = PBXFileReference; fileEncoding = 4; lastKnownFileType = sourcecode.c.objc; path = NBLFileOperationInfo.m; sourceTree = "<group>"; };
		B7EF19FC1E163364001CCEDC /* NBLFileMenuTool.h */ = {isa = PBXFileReference; fileEncoding = 4; lastKnownFileType = sourcecode.c.h; path = NBLFileMenuTool.h; sourceTree = "<group>"; };
		B7EF19FD1E163364001CCEDC /* NBLFileMenuTool.m */ = {isa = PBXFileReference; fileEncoding = 4; lastKnownFileType = sourcecode.c.objc; path = NBLFileMenuTool.m; sourceTree = "<group>"; };
		B7EF19FF1E163A62001CCEDC /* NBLFileOperationItemCell.h */ = {isa = PBXFileReference; fileEncoding = 4; lastKnownFileType = sourcecode.c.h; path = NBLFileOperationItemCell.h; sourceTree = "<group>"; };
		B7EF1A001E163A62001CCEDC /* NBLFileOperationItemCell.m */ = {isa = PBXFileReference; fileEncoding = 4; lastKnownFileType = sourcecode.c.objc; path = NBLFileOperationItemCell.m; sourceTree = "<group>"; };
		B7FCB3181E1CE714003CEA70 /* NBLSortOperationInfo.h */ = {isa = PBXFileReference; fileEncoding = 4; lastKnownFileType = sourcecode.c.h; path = NBLSortOperationInfo.h; sourceTree = "<group>"; };
		B7FCB3191E1CE714003CEA70 /* NBLSortOperationInfo.m */ = {isa = PBXFileReference; fileEncoding = 4; lastKnownFileType = sourcecode.c.objc; path = NBLSortOperationInfo.m; sourceTree = "<group>"; };
/* End PBXFileReference section */

/* Begin PBXFrameworksBuildPhase section */
		B73505E21E09162B0031A6D1 /* Frameworks */ = {
			isa = PBXFrameworksBuildPhase;
			buildActionMask = 2147483647;
			files = (
			);
			runOnlyForDeploymentPostprocessing = 0;
		};
		B73505FB1E09162B0031A6D1 /* Frameworks */ = {
			isa = PBXFrameworksBuildPhase;
			buildActionMask = 2147483647;
			files = (
			);
			runOnlyForDeploymentPostprocessing = 0;
		};
		B73506061E09162B0031A6D1 /* Frameworks */ = {
			isa = PBXFrameworksBuildPhase;
			buildActionMask = 2147483647;
			files = (
			);
			runOnlyForDeploymentPostprocessing = 0;
		};
/* End PBXFrameworksBuildPhase section */

/* Begin PBXGroup section */
		B73505DC1E09162B0031A6D1 = {
			isa = PBXGroup;
			children = (
				B73505E71E09162B0031A6D1 /* NBLFileExplorer */,
				B7BB7ADF1E31E62400AAD987 /* Assets.xcassets */,
				B73506011E09162B0031A6D1 /* NBLFileExplorerTests */,
				B735060C1E09162B0031A6D1 /* NBLFileExplorerUITests */,
				B73505E61E09162B0031A6D1 /* Products */,
			);
			sourceTree = "<group>";
		};
		B73505E61E09162B0031A6D1 /* Products */ = {
			isa = PBXGroup;
			children = (
				B73505E51E09162B0031A6D1 /* NBLFileExplorer.app */,
				B73505FE1E09162B0031A6D1 /* NBLFileExplorerTests.xctest */,
				B73506091E09162B0031A6D1 /* NBLFileExplorerUITests.xctest */,
			);
			name = Products;
			sourceTree = "<group>";
		};
		B73505E71E09162B0031A6D1 /* NBLFileExplorer */ = {
			isa = PBXGroup;
			children = (
				B735061B1E09164A0031A6D1 /* NBLFileExplorer */,
				B73505EB1E09162B0031A6D1 /* AppDelegate.h */,
				B73505EC1E09162B0031A6D1 /* AppDelegate.m */,
				B73505EE1E09162B0031A6D1 /* ViewController.h */,
				B73505EF1E09162B0031A6D1 /* ViewController.m */,
				B73505F11E09162B0031A6D1 /* Main.storyboard */,
				B73505F61E09162B0031A6D1 /* LaunchScreen.storyboard */,
				B73505F91E09162B0031A6D1 /* Info.plist */,
				B73505E81E09162B0031A6D1 /* Supporting Files */,
			);
			path = NBLFileExplorer;
			sourceTree = "<group>";
		};
		B73505E81E09162B0031A6D1 /* Supporting Files */ = {
			isa = PBXGroup;
			children = (
				B73505E91E09162B0031A6D1 /* main.m */,
			);
			name = "Supporting Files";
			sourceTree = "<group>";
		};
		B73506011E09162B0031A6D1 /* NBLFileExplorerTests */ = {
			isa = PBXGroup;
			children = (
				B73506021E09162B0031A6D1 /* NBLFileExplorerTests.m */,
				B73506041E09162B0031A6D1 /* Info.plist */,
			);
			path = NBLFileExplorerTests;
			sourceTree = "<group>";
		};
		B735060C1E09162B0031A6D1 /* NBLFileExplorerUITests */ = {
			isa = PBXGroup;
			children = (
				B735060D1E09162B0031A6D1 /* NBLFileExplorerUITests.m */,
				B735060F1E09162B0031A6D1 /* Info.plist */,
			);
			path = NBLFileExplorerUITests;
			sourceTree = "<group>";
		};
		B735061B1E09164A0031A6D1 /* NBLFileExplorer */ = {
			isa = PBXGroup;
			children = (
				B75E2DF61E13B76400AA8F0E /* Model */,
				B75E2DF91E13B76400AA8F0E /* Tool */,
				B75E2DFC1E13B76400AA8F0E /* View */,
				B75E2DFF1E13B76400AA8F0E /* ViewController */,
				B735061F1E09169A0031A6D1 /* NBLFileExplorer.h */,
				B73506201E09169A0031A6D1 /* NBLFileExplorer.m */,
			);
			path = NBLFileExplorer;
			sourceTree = "<group>";
		};
		B75E2DF61E13B76400AA8F0E /* Model */ = {
			isa = PBXGroup;
			children = (
				B75E2DF71E13B76400AA8F0E /* NBLFileInfo.h */,
				B75E2DF81E13B76400AA8F0E /* NBLFileInfo.m */,
				B7EF19F91E160404001CCEDC /* NBLFileOperationInfo.h */,
				B7EF19FA1E160404001CCEDC /* NBLFileOperationInfo.m */,
				B7FCB3181E1CE714003CEA70 /* NBLSortOperationInfo.h */,
				B7FCB3191E1CE714003CEA70 /* NBLSortOperationInfo.m */,
				B73D97681E4B016900E95547 /* NBLEditInfo.h */,
				B73D97691E4B016900E95547 /* NBLEditInfo.m */,
			);
			path = Model;
			sourceTree = "<group>";
		};
		B75E2DF91E13B76400AA8F0E /* Tool */ = {
			isa = PBXGroup;
			children = (
				B75E2DFA1E13B76400AA8F0E /* NBLFileTypeManager.h */,
				B75E2DFB1E13B76400AA8F0E /* NBLFileTypeManager.m */,
				B7EF19FC1E163364001CCEDC /* NBLFileMenuTool.h */,
				B7EF19FD1E163364001CCEDC /* NBLFileMenuTool.m */,
				B7AD6A871E30938E002F5035 /* NBLFileSortTool.h */,
				B7AD6A881E30938E002F5035 /* NBLFileSortTool.m */,
			);
			path = Tool;
			sourceTree = "<group>";
		};
		B75E2DFC1E13B76400AA8F0E /* View */ = {
			isa = PBXGroup;
			children = (
				B75E2DFD1E13B76400AA8F0E /* NBLFileItemCell.h */,
				B75E2DFE1E13B76400AA8F0E /* NBLFileItemCell.m */,
				B7EF19F61E16011D001CCEDC /* NBLFileOperationMenu.h */,
				B7EF19F71E16011D001CCEDC /* NBLFileOperationMenu.m */,
				B7EF19FF1E163A62001CCEDC /* NBLFileOperationItemCell.h */,
				B7EF1A001E163A62001CCEDC /* NBLFileOperationItemCell.m */,
				B78FB5CE1E1B852A005F6DA1 /* NBLFileGalleryView.h */,
				B78FB5CF1E1B852A005F6DA1 /* NBLFileGalleryView.m */,
				B78FB5D11E1B8F26005F6DA1 /* NBLFileGalleryItemCell.h */,
				B78FB5D21E1B8F26005F6DA1 /* NBLFileGalleryItemCell.m */,
				B73D97621E4AFFF600E95547 /* NBLEditGalleryView.h */,
				B73D97631E4AFFF600E95547 /* NBLEditGalleryView.m */,
				B73D97651E4B009400E95547 /* NBLEditGalleryItemCell.h */,
				B73D97661E4B009400E95547 /* NBLEditGalleryItemCell.m */,
			);
			path = View;
			sourceTree = "<group>";
		};
		B75E2DFF1E13B76400AA8F0E /* ViewController */ = {
			isa = PBXGroup;
			children = (
				B75E2E001E13B76400AA8F0E /* NBLFileListViewController.h */,
				B75E2E011E13B76400AA8F0E /* NBLFileListViewController.m */,
				B77F66AB1E56CD7F008FCAEF /* NBLFileListShowViewController.h */,
				B77F66AC1E56CD7F008FCAEF /* NBLFileListShowViewController.m */,
			);
			path = ViewController;
			sourceTree = "<group>";
		};
/* End PBXGroup section */

/* Begin PBXNativeTarget section */
		B73505E41E09162B0031A6D1 /* NBLFileExplorer */ = {
			isa = PBXNativeTarget;
			buildConfigurationList = B73506121E09162B0031A6D1 /* Build configuration list for PBXNativeTarget "NBLFileExplorer" */;
			buildPhases = (
				B73505E11E09162B0031A6D1 /* Sources */,
				B73505E21E09162B0031A6D1 /* Frameworks */,
				B73505E31E09162B0031A6D1 /* Resources */,
			);
			buildRules = (
			);
			dependencies = (
			);
			name = NBLFileExplorer;
			productName = NBLFileExplorer;
			productReference = B73505E51E09162B0031A6D1 /* NBLFileExplorer.app */;
			productType = "com.apple.product-type.application";
		};
		B73505FD1E09162B0031A6D1 /* NBLFileExplorerTests */ = {
			isa = PBXNativeTarget;
			buildConfigurationList = B73506151E09162B0031A6D1 /* Build configuration list for PBXNativeTarget "NBLFileExplorerTests" */;
			buildPhases = (
				B73505FA1E09162B0031A6D1 /* Sources */,
				B73505FB1E09162B0031A6D1 /* Frameworks */,
				B73505FC1E09162B0031A6D1 /* Resources */,
			);
			buildRules = (
			);
			dependencies = (
				B73506001E09162B0031A6D1 /* PBXTargetDependency */,
			);
			name = NBLFileExplorerTests;
			productName = NBLFileExplorerTests;
			productReference = B73505FE1E09162B0031A6D1 /* NBLFileExplorerTests.xctest */;
			productType = "com.apple.product-type.bundle.unit-test";
		};
		B73506081E09162B0031A6D1 /* NBLFileExplorerUITests */ = {
			isa = PBXNativeTarget;
			buildConfigurationList = B73506181E09162B0031A6D1 /* Build configuration list for PBXNativeTarget "NBLFileExplorerUITests" */;
			buildPhases = (
				B73506051E09162B0031A6D1 /* Sources */,
				B73506061E09162B0031A6D1 /* Frameworks */,
				B73506071E09162B0031A6D1 /* Resources */,
			);
			buildRules = (
			);
			dependencies = (
				B735060B1E09162B0031A6D1 /* PBXTargetDependency */,
			);
			name = NBLFileExplorerUITests;
			productName = NBLFileExplorerUITests;
			productReference = B73506091E09162B0031A6D1 /* NBLFileExplorerUITests.xctest */;
			productType = "com.apple.product-type.bundle.ui-testing";
		};
/* End PBXNativeTarget section */

/* Begin PBXProject section */
		B73505DD1E09162B0031A6D1 /* Project object */ = {
			isa = PBXProject;
			attributes = {
				LastUpgradeCheck = 0810;
				ORGANIZATIONNAME = neebel;
				TargetAttributes = {
					B73505E41E09162B0031A6D1 = {
						CreatedOnToolsVersion = 8.1;
						ProvisioningStyle = Automatic;
					};
					B73505FD1E09162B0031A6D1 = {
						CreatedOnToolsVersion = 8.1;
						ProvisioningStyle = Automatic;
						TestTargetID = B73505E41E09162B0031A6D1;
					};
					B73506081E09162B0031A6D1 = {
						CreatedOnToolsVersion = 8.1;
						ProvisioningStyle = Automatic;
						TestTargetID = B73505E41E09162B0031A6D1;
					};
				};
			};
			buildConfigurationList = B73505E01E09162B0031A6D1 /* Build configuration list for PBXProject "NBLFileExplorer" */;
			compatibilityVersion = "Xcode 3.2";
			developmentRegion = English;
			hasScannedForEncodings = 0;
			knownRegions = (
				en,
				Base,
			);
			mainGroup = B73505DC1E09162B0031A6D1;
			productRefGroup = B73505E61E09162B0031A6D1 /* Products */;
			projectDirPath = "";
			projectRoot = "";
			targets = (
				B73505E41E09162B0031A6D1 /* NBLFileExplorer */,
				B73505FD1E09162B0031A6D1 /* NBLFileExplorerTests */,
				B73506081E09162B0031A6D1 /* NBLFileExplorerUITests */,
			);
		};
/* End PBXProject section */

/* Begin PBXResourcesBuildPhase section */
		B73505E31E09162B0031A6D1 /* Resources */ = {
			isa = PBXResourcesBuildPhase;
			buildActionMask = 2147483647;
			files = (
				B73505F81E09162B0031A6D1 /* LaunchScreen.storyboard in Resources */,
				B7BB7AE01E31E62400AAD987 /* Assets.xcassets in Resources */,
				B73505F31E09162B0031A6D1 /* Main.storyboard in Resources */,
			);
			runOnlyForDeploymentPostprocessing = 0;
		};
		B73505FC1E09162B0031A6D1 /* Resources */ = {
			isa = PBXResourcesBuildPhase;
			buildActionMask = 2147483647;
			files = (
			);
			runOnlyForDeploymentPostprocessing = 0;
		};
		B73506071E09162B0031A6D1 /* Resources */ = {
			isa = PBXResourcesBuildPhase;
			buildActionMask = 2147483647;
			files = (
			);
			runOnlyForDeploymentPostprocessing = 0;
		};
/* End PBXResourcesBuildPhase section */

/* Begin PBXSourcesBuildPhase section */
		B73505E11E09162B0031A6D1 /* Sources */ = {
			isa = PBXSourcesBuildPhase;
			buildActionMask = 2147483647;
			files = (
				B73D97641E4AFFF600E95547 /* NBLEditGalleryView.m in Sources */,
				B78FB5D31E1B8F26005F6DA1 /* NBLFileGalleryItemCell.m in Sources */,
				B73D97671E4B009400E95547 /* NBLEditGalleryItemCell.m in Sources */,
				B73505F01E09162B0031A6D1 /* ViewController.m in Sources */,
				B7EF1A011E163A62001CCEDC /* NBLFileOperationItemCell.m in Sources */,
				B73505ED1E09162B0031A6D1 /* AppDelegate.m in Sources */,
				B7FCB31A1E1CE714003CEA70 /* NBLSortOperationInfo.m in Sources */,
				B73505EA1E09162B0031A6D1 /* main.m in Sources */,
				B73D976A1E4B016900E95547 /* NBLEditInfo.m in Sources */,
				B75E2E041E13B76400AA8F0E /* NBLFileItemCell.m in Sources */,
				B7EF19FB1E160404001CCEDC /* NBLFileOperationInfo.m in Sources */,
				B73506211E09169A0031A6D1 /* NBLFileExplorer.m in Sources */,
				B7EF19F81E16011D001CCEDC /* NBLFileOperationMenu.m in Sources */,
				B75E2E051E13B76400AA8F0E /* NBLFileListViewController.m in Sources */,
				B75E2E031E13B76400AA8F0E /* NBLFileTypeManager.m in Sources */,
				B78FB5D01E1B852A005F6DA1 /* NBLFileGalleryView.m in Sources */,
				B75E2E021E13B76400AA8F0E /* NBLFileInfo.m in Sources */,
				B7AD6A891E30938E002F5035 /* NBLFileSortTool.m in Sources */,
				B77F66AD1E56CD7F008FCAEF /* NBLFileListShowViewController.m in Sources */,
				B7EF19FE1E163364001CCEDC /* NBLFileMenuTool.m in Sources */,
			);
			runOnlyForDeploymentPostprocessing = 0;
		};
		B73505FA1E09162B0031A6D1 /* Sources */ = {
			isa = PBXSourcesBuildPhase;
			buildActionMask = 2147483647;
			files = (
				B73506031E09162B0031A6D1 /* NBLFileExplorerTests.m in Sources */,
			);
			runOnlyForDeploymentPostprocessing = 0;
		};
		B73506051E09162B0031A6D1 /* Sources */ = {
			isa = PBXSourcesBuildPhase;
			buildActionMask = 2147483647;
			files = (
				B735060E1E09162B0031A6D1 /* NBLFileExplorerUITests.m in Sources */,
			);
			runOnlyForDeploymentPostprocessing = 0;
		};
/* End PBXSourcesBuildPhase section */

/* Begin PBXTargetDependency section */
		B73506001E09162B0031A6D1 /* PBXTargetDependency */ = {
			isa = PBXTargetDependency;
			target = B73505E41E09162B0031A6D1 /* NBLFileExplorer */;
			targetProxy = B73505FF1E09162B0031A6D1 /* PBXContainerItemProxy */;
		};
		B735060B1E09162B0031A6D1 /* PBXTargetDependency */ = {
			isa = PBXTargetDependency;
			target = B73505E41E09162B0031A6D1 /* NBLFileExplorer */;
			targetProxy = B735060A1E09162B0031A6D1 /* PBXContainerItemProxy */;
		};
/* End PBXTargetDependency section */

/* Begin PBXVariantGroup section */
		B73505F11E09162B0031A6D1 /* Main.storyboard */ = {
			isa = PBXVariantGroup;
			children = (
				B73505F21E09162B0031A6D1 /* Base */,
			);
			name = Main.storyboard;
			sourceTree = "<group>";
		};
		B73505F61E09162B0031A6D1 /* LaunchScreen.storyboard */ = {
			isa = PBXVariantGroup;
			children = (
				B73505F71E09162B0031A6D1 /* Base */,
			);
			name = LaunchScreen.storyboard;
			sourceTree = "<group>";
		};
/* End PBXVariantGroup section */

/* Begin XCBuildConfiguration section */
		B73506101E09162B0031A6D1 /* Debug */ = {
			isa = XCBuildConfiguration;
			buildSettings = {
				ALWAYS_SEARCH_USER_PATHS = NO;
				CLANG_ANALYZER_NONNULL = YES;
				CLANG_CXX_LANGUAGE_STANDARD = "gnu++0x";
				CLANG_CXX_LIBRARY = "libc++";
				CLANG_ENABLE_MODULES = YES;
				CLANG_ENABLE_OBJC_ARC = YES;
				CLANG_WARN_BOOL_CONVERSION = YES;
				CLANG_WARN_CONSTANT_CONVERSION = YES;
				CLANG_WARN_DIRECT_OBJC_ISA_USAGE = YES_ERROR;
				CLANG_WARN_DOCUMENTATION_COMMENTS = YES;
				CLANG_WARN_EMPTY_BODY = YES;
				CLANG_WARN_ENUM_CONVERSION = YES;
				CLANG_WARN_INFINITE_RECURSION = YES;
				CLANG_WARN_INT_CONVERSION = YES;
				CLANG_WARN_OBJC_ROOT_CLASS = YES_ERROR;
				CLANG_WARN_SUSPICIOUS_MOVES = YES;
				CLANG_WARN_UNREACHABLE_CODE = YES;
				CLANG_WARN__DUPLICATE_METHOD_MATCH = YES;
				"CODE_SIGN_IDENTITY[sdk=iphoneos*]" = "iPhone Developer";
				COPY_PHASE_STRIP = NO;
				DEBUG_INFORMATION_FORMAT = dwarf;
				ENABLE_STRICT_OBJC_MSGSEND = YES;
				ENABLE_TESTABILITY = YES;
				GCC_C_LANGUAGE_STANDARD = gnu99;
				GCC_DYNAMIC_NO_PIC = NO;
				GCC_NO_COMMON_BLOCKS = YES;
				GCC_OPTIMIZATION_LEVEL = 0;
				GCC_PREPROCESSOR_DEFINITIONS = (
					"DEBUG=1",
					"$(inherited)",
				);
				GCC_WARN_64_TO_32_BIT_CONVERSION = YES;
				GCC_WARN_ABOUT_RETURN_TYPE = YES_ERROR;
				GCC_WARN_UNDECLARED_SELECTOR = YES;
				GCC_WARN_UNINITIALIZED_AUTOS = YES_AGGRESSIVE;
				GCC_WARN_UNUSED_FUNCTION = YES;
				GCC_WARN_UNUSED_VARIABLE = YES;
				IPHONEOS_DEPLOYMENT_TARGET = 10.1;
				MTL_ENABLE_DEBUG_INFO = YES;
				ONLY_ACTIVE_ARCH = YES;
				SDKROOT = iphoneos;
				TARGETED_DEVICE_FAMILY = "1,2";
			};
			name = Debug;
		};
		B73506111E09162B0031A6D1 /* Release */ = {
			isa = XCBuildConfiguration;
			buildSettings = {
				ALWAYS_SEARCH_USER_PATHS = NO;
				CLANG_ANALYZER_NONNULL = YES;
				CLANG_CXX_LANGUAGE_STANDARD = "gnu++0x";
				CLANG_CXX_LIBRARY = "libc++";
				CLANG_ENABLE_MODULES = YES;
				CLANG_ENABLE_OBJC_ARC = YES;
				CLANG_WARN_BOOL_CONVERSION = YES;
				CLANG_WARN_CONSTANT_CONVERSION = YES;
				CLANG_WARN_DIRECT_OBJC_ISA_USAGE = YES_ERROR;
				CLANG_WARN_DOCUMENTATION_COMMENTS = YES;
				CLANG_WARN_EMPTY_BODY = YES;
				CLANG_WARN_ENUM_CONVERSION = YES;
				CLANG_WARN_INFINITE_RECURSION = YES;
				CLANG_WARN_INT_CONVERSION = YES;
				CLANG_WARN_OBJC_ROOT_CLASS = YES_ERROR;
				CLANG_WARN_SUSPICIOUS_MOVES = YES;
				CLANG_WARN_UNREACHABLE_CODE = YES;
				CLANG_WARN__DUPLICATE_METHOD_MATCH = YES;
				"CODE_SIGN_IDENTITY[sdk=iphoneos*]" = "iPhone Developer";
				COPY_PHASE_STRIP = NO;
				DEBUG_INFORMATION_FORMAT = "dwarf-with-dsym";
				ENABLE_NS_ASSERTIONS = NO;
				ENABLE_STRICT_OBJC_MSGSEND = YES;
				GCC_C_LANGUAGE_STANDARD = gnu99;
				GCC_NO_COMMON_BLOCKS = YES;
				GCC_WARN_64_TO_32_BIT_CONVERSION = YES;
				GCC_WARN_ABOUT_RETURN_TYPE = YES_ERROR;
				GCC_WARN_UNDECLARED_SELECTOR = YES;
				GCC_WARN_UNINITIALIZED_AUTOS = YES_AGGRESSIVE;
				GCC_WARN_UNUSED_FUNCTION = YES;
				GCC_WARN_UNUSED_VARIABLE = YES;
				IPHONEOS_DEPLOYMENT_TARGET = 10.1;
				MTL_ENABLE_DEBUG_INFO = NO;
				SDKROOT = iphoneos;
				TARGETED_DEVICE_FAMILY = "1,2";
				VALIDATE_PRODUCT = YES;
			};
			name = Release;
		};
		B73506131E09162B0031A6D1 /* Debug */ = {
			isa = XCBuildConfiguration;
			buildSettings = {
				ASSETCATALOG_COMPILER_APPICON_NAME = AppIcon;
				INFOPLIST_FILE = NBLFileExplorer/Info.plist;
				LD_RUNPATH_SEARCH_PATHS = "$(inherited) @executable_path/Frameworks";
				PRODUCT_BUNDLE_IDENTIFIER = cn.neebel.NBLFileExplorer;
				PRODUCT_NAME = "$(TARGET_NAME)";
			};
			name = Debug;
		};
		B73506141E09162B0031A6D1 /* Release */ = {
			isa = XCBuildConfiguration;
			buildSettings = {
				ASSETCATALOG_COMPILER_APPICON_NAME = AppIcon;
				INFOPLIST_FILE = NBLFileExplorer/Info.plist;
				LD_RUNPATH_SEARCH_PATHS = "$(inherited) @executable_path/Frameworks";
				PRODUCT_BUNDLE_IDENTIFIER = cn.neebel.NBLFileExplorer;
				PRODUCT_NAME = "$(TARGET_NAME)";
			};
			name = Release;
		};
		B73506161E09162B0031A6D1 /* Debug */ = {
			isa = XCBuildConfiguration;
			buildSettings = {
				BUNDLE_LOADER = "$(TEST_HOST)";
				INFOPLIST_FILE = NBLFileExplorerTests/Info.plist;
				LD_RUNPATH_SEARCH_PATHS = "$(inherited) @executable_path/Frameworks @loader_path/Frameworks";
				PRODUCT_BUNDLE_IDENTIFIER = cn.neebel.NBLFileExplorerTests;
				PRODUCT_NAME = "$(TARGET_NAME)";
				TEST_HOST = "$(BUILT_PRODUCTS_DIR)/NBLFileExplorer.app/NBLFileExplorer";
			};
			name = Debug;
		};
		B73506171E09162B0031A6D1 /* Release */ = {
			isa = XCBuildConfiguration;
			buildSettings = {
				BUNDLE_LOADER = "$(TEST_HOST)";
				INFOPLIST_FILE = NBLFileExplorerTests/Info.plist;
				LD_RUNPATH_SEARCH_PATHS = "$(inherited) @executable_path/Frameworks @loader_path/Frameworks";
				PRODUCT_BUNDLE_IDENTIFIER = cn.neebel.NBLFileExplorerTests;
				PRODUCT_NAME = "$(TARGET_NAME)";
				TEST_HOST = "$(BUILT_PRODUCTS_DIR)/NBLFileExplorer.app/NBLFileExplorer";
			};
			name = Release;
		};
		B73506191E09162B0031A6D1 /* Debug */ = {
			isa = XCBuildConfiguration;
			buildSettings = {
				INFOPLIST_FILE = NBLFileExplorerUITests/Info.plist;
				LD_RUNPATH_SEARCH_PATHS = "$(inherited) @executable_path/Frameworks @loader_path/Frameworks";
				PRODUCT_BUNDLE_IDENTIFIER = cn.neebel.NBLFileExplorerUITests;
				PRODUCT_NAME = "$(TARGET_NAME)";
				TEST_TARGET_NAME = NBLFileExplorer;
			};
			name = Debug;
		};
		B735061A1E09162B0031A6D1 /* Release */ = {
			isa = XCBuildConfiguration;
			buildSettings = {
				INFOPLIST_FILE = NBLFileExplorerUITests/Info.plist;
				LD_RUNPATH_SEARCH_PATHS = "$(inherited) @executable_path/Frameworks @loader_path/Frameworks";
				PRODUCT_BUNDLE_IDENTIFIER = cn.neebel.NBLFileExplorerUITests;
				PRODUCT_NAME = "$(TARGET_NAME)";
				TEST_TARGET_NAME = NBLFileExplorer;
			};
			name = Release;
		};
/* End XCBuildConfiguration section */

/* Begin XCConfigurationList section */
		B73505E01E09162B0031A6D1 /* Build configuration list for PBXProject "NBLFileExplorer" */ = {
			isa = XCConfigurationList;
			buildConfigurations = (
				B73506101E09162B0031A6D1 /* Debug */,
				B73506111E09162B0031A6D1 /* Release */,
			);
			defaultConfigurationIsVisible = 0;
			defaultConfigurationName = Release;
		};
		B73506121E09162B0031A6D1 /* Build configuration list for PBXNativeTarget "NBLFileExplorer" */ = {
			isa = XCConfigurationList;
			buildConfigurations = (
				B73506131E09162B0031A6D1 /* Debug */,
				B73506141E09162B0031A6D1 /* Release */,
			);
			defaultConfigurationIsVisible = 0;
			defaultConfigurationName = Release;
		};
		B73506151E09162B0031A6D1 /* Build configuration list for PBXNativeTarget "NBLFileExplorerTests" */ = {
			isa = XCConfigurationList;
			buildConfigurations = (
				B73506161E09162B0031A6D1 /* Debug */,
				B73506171E09162B0031A6D1 /* Release */,
			);
			defaultConfigurationIsVisible = 0;
			defaultConfigurationName = Release;
		};
		B73506181E09162B0031A6D1 /* Build configuration list for PBXNativeTarget "NBLFileExplorerUITests" */ = {
			isa = XCConfigurationList;
			buildConfigurations = (
				B73506191E09162B0031A6D1 /* Debug */,
				B735061A1E09162B0031A6D1 /* Release */,
			);
			defaultConfigurationIsVisible = 0;
			defaultConfigurationName = Release;
		};
/* End XCConfigurationList section */
	};
	rootObject = B73505DD1E09162B0031A6D1 /* Project object */;
}
